<?xml version="1.0" encoding="utf-8"?>
<Project ToolsVersion="4.0" xmlns="http://schemas.microsoft.com/developer/msbuild/2003">
  <ItemGroup>
    <Filter Include="源文件">
      <UniqueIdentifier>{4FC737F1-C7A5-4376-A066-2A32D752A2FF}</UniqueIdentifier>
      <Extensions>cpp;c;cc;cxx;c++;cppm;ixx;def;odl;idl;hpj;bat;asm;asmx</Extensions>
    </Filter>
    <Filter Include="头文件">
      <UniqueIdentifier>{93995380-89BD-4b04-88EB-625FBE52EBFB}</UniqueIdentifier>
      <Extensions>h;hh;hpp;hxx;h++;hm;inl;inc;ipp;xsd</Extensions>
    </Filter>
    <Filter Include="资源文件">
      <UniqueIdentifier>{67DA6AB6-F800-4c08-8B7A-83BB121AAD01}</UniqueIdentifier>
      <Extensions>rc;ico;cur;bmp;dlg;rc2;rct;bin;rgs;gif;jpg;jpeg;jpe;resx;tiff;tif;png;wav;mfcribbon-ms</Extensions>
    </Filter>
  </ItemGroup>
  <ItemGroup>
    <ClCompile Include="hello.cpp">
      <Filter>源文件</Filter>
    </ClCompile>
    <ClCompile Include="second.cpp">
      <Filter>源文件</Filter>
    </ClCompile>
    <ClCompile Include="n3.cpp">
      <Filter>源文件</Filter>
    </ClCompile>
    <ClCompile Include="n4.cpp">
      <Filter>源文件</Filter>
    </ClCompile>
    <ClCompile Include="n5.cpp">
      <Filter>源文件</Filter>
    </ClCompile>
    <ClCompile Include="n6.cpp">
      <Filter>源文件</Filter>
    </ClCompile>
    <ClCompile Include="n7.cpp">
      <Filter>源文件</Filter>
    </ClCompile>
    <ClCompile Include="n8.cpp">
      <Filter>源文件</Filter>
    </ClCompile>
    <ClCompile Include="n9.cpp">
      <Filter>源文件</Filter>
    </ClCompile>
    <ClCompile Include="n10.cpp">
      <Filter>源文件</Filter>
    </ClCompile>
    <ClCompile Include="n11.cpp">
      <Filter>源文件</Filter>
    </ClCompile>
    <ClCompile Include="n12.cpp">
      <Filter>源文件</Filter>
    </ClCompile>
    <ClCompile Include="n13.cpp">
      <Filter>源文件</Filter>
    </ClCompile>
    <ClCompile Include="n14.cpp">
      <Filter>源文件</Filter>
    </ClCompile>
    <ClCompile Include="n15.cpp">
      <Filter>源文件</Filter>
    </ClCompile>
    <ClCompile Include="n16.cpp">
      <Filter>源文件</Filter>
    </ClCompile>
    <ClCompile Include="n17.cpp">
      <Filter>源文件</Filter>
    </ClCompile>
    <ClCompile Include="n18.cpp">
      <Filter>源文件</Filter>
    </ClCompile>
    <ClCompile Include="n19.cpp">
      <Filter>源文件</Filter>
    </ClCompile>
    <ClCompile Include="n20.cpp">
      <Filter>源文件</Filter>
    </ClCompile>
    <ClCompile Include="n21.cpp">
      <Filter>源文件</Filter>
    </ClCompile>
    <ClCompile Include="n22.cpp">
      <Filter>源文件</Filter>
    </ClCompile>
    <ClCompile Include="n23.cpp">
      <Filter>源文件</Filter>
    </ClCompile>
    <ClCompile Include="n24.cpp">
      <Filter>源文件</Filter>
    </ClCompile>
    <ClCompile Include="n25.cpp">
      <Filter>源文件</Filter>
    </ClCompile>
    <ClCompile Include="n26.cpp">
      <Filter>源文件</Filter>
    </ClCompile>
    <ClCompile Include="n27.cpp">
      <Filter>源文件</Filter>
    </ClCompile>
    <ClCompile Include="n28.cpp">
      <Filter>源文件</Filter>
    </ClCompile>
    <ClCompile Include="n29.cpp">
      <Filter>源文件</Filter>
    </ClCompile>
    <ClCompile Include="n30.cpp">
      <Filter>源文件</Filter>
    </ClCompile>
    <ClCompile Include="n31.cpp">
      <Filter>源文件</Filter>
    </ClCompile>
    <ClCompile Include="n32.cpp">
      <Filter>源文件</Filter>
    </ClCompile>
    <ClCompile Include="n33.cpp">
      <Filter>源文件</Filter>
    </ClCompile>
    <ClCompile Include="n34.cpp">
      <Filter>源文件</Filter>
    </ClCompile>
    <ClCompile Include="n35.cpp">
      <Filter>源文件</Filter>
    </ClCompile>
    <ClCompile Include="n36.cpp">
      <Filter>源文件</Filter>
    </ClCompile>
    <ClCompile Include="n37.cpp">
      <Filter>源文件</Filter>
    </ClCompile>
    <ClCompile Include="swap.cpp">
      <Filter>源文件</Filter>
    </ClCompile>
    <ClCompile Include="n38.cpp">
      <Filter>源文件</Filter>
    </ClCompile>
    <ClCompile Include="n39.cpp">
      <Filter>源文件</Filter>
    </ClCompile>
    <ClCompile Include="n40.cpp">
      <Filter>源文件</Filter>
    </ClCompile>
    <ClCompile Include="n41.cpp">
      <Filter>源文件</Filter>
    </ClCompile>
    <ClCompile Include="n42.cpp">
      <Filter>源文件</Filter>
    </ClCompile>
    <ClCompile Include="n43.cpp">
      <Filter>源文件</Filter>
    </ClCompile>
    <ClCompile Include="n44.cpp">
      <Filter>源文件</Filter>
    </ClCompile>
    <ClCompile Include="n45.cpp">
      <Filter>源文件</Filter>
    </ClCompile>
    <ClCompile Include="n46.cpp">
      <Filter>源文件</Filter>
    </ClCompile>
    <ClCompile Include="n47.cpp">
      <Filter>源文件</Filter>
    </ClCompile>
    <ClCompile Include="n48.cpp">
      <Filter>源文件</Filter>
    </ClCompile>
    <ClCompile Include="n49.cpp">
      <Filter>源文件</Filter>
    </ClCompile>
    <ClCompile Include="n50.cpp">
      <Filter>源文件</Filter>
    </ClCompile>
    <ClCompile Include="n51.cpp">
      <Filter>源文件</Filter>
    </ClCompile>
    <ClCompile Include="n52.cpp">
      <Filter>源文件</Filter>
    </ClCompile>
    <ClCompile Include="n53.cpp">
      <Filter>源文件</Filter>
    </ClCompile>
    <ClCompile Include="n54.cpp">
      <Filter>源文件</Filter>
    </ClCompile>
  </ItemGroup>
  <ItemGroup>
    <None Include="README.md" />
  </ItemGroup>
  <ItemGroup>
    <ClInclude Include="swap.h">
      <Filter>头文件</Filter>
    </ClInclude>
  </ItemGroup>
</Project>